
Microsoft Visual Studio Solution File, Format Version 12.00
# Visual Studio Version 16
VisualStudioVersion = 16.0.31005.135
MinimumVisualStudioVersion = 10.0.40219.1
Project("{FAE04EC0-301F-11D3-BF4B-00C04F79EFBC}") = "BasicMath", "BasicMath\BasicMath.csproj", "{71E4439C-DC3A-4BAE-83F7-387A2113491F}"
EndProject
Project("{FAE04EC0-301F-11D3-BF4B-00C04F79EFBC}") = "BasicMath.Test", "BasicMath.Test\BasicMath.Test.csproj", "{53A6064D-4066-4DF3-AEA4-67EE0D3FC014}"
EndProject
Global
	GlobalSection(SolutionConfigurationPlatforms) = preSolution
		Debug|Any CPU = Debug|Any CPU
		Release|Any CPU = Release|Any CPU
	EndGlobalSection
	GlobalSection(ProjectConfigurationPlatforms) = postSolution
		{71E4439C-DC3A-4BAE-83F7-387A2113491F}.Debug|Any CPU.ActiveCfg = Debug|Any CPU
		{71E4439C-DC3A-4BAE-83F7-387A2113491F}.Debug|Any CPU.Build.0 = Debug|Any CPU
		{71E4439C-DC3A-4BAE-83F7-387A2113491F}.Release|Any CPU.ActiveCfg = Release|Any CPU
		{71E4439C-DC3A-4BAE-83F7-387A2113491F}.Release|Any CPU.Build.0 = Release|Any CPU
		{53A6064D-4066-4DF3-AEA4-67EE0D3FC014}.Debug|Any CPU.ActiveCfg = Debug|Any CPU
		{53A6064D-4066-4DF3-AEA4-67EE0D3FC014}.Debug|Any CPU.Build.0 = Debug|Any CPU
		{53A6064D-4066-4DF3-AEA4-67EE0D3FC014}.Release|Any CPU.ActiveCfg = Release|Any CPU
		{53A6064D-4066-4DF3-AEA4-67EE0D3FC014}.Release|Any CPU.Build.0 = Release|Any CPU
	EndGlobalSection
	GlobalSection(SolutionProperties) = preSolution
		HideSolutionNode = FALSE
	EndGlobalSection
	GlobalSection(ExtensibilityGlobals) = postSolution
		SolutionGuid = {1D24E56D-B9BC-47E0-8011-E344467DE2C4}
	EndGlobalSection
EndGlobal
